
Microsoft Visual Studio Solution File, Format Version 12.00
# Visual Studio Version 17
VisualStudioVersion = 17.0.32126.317
MinimumVisualStudioVersion = 10.0.40219.1
Project("{FAE04EC0-301F-11D3-BF4B-00C04F79EFBC}") = "ConsoleApp1", "ConsoleApp1\ConsoleApp1.csproj", "{EA2481D9-C7C5-4836-9258-82D86A895E1A}"
EndProject
Global
	GlobalSection(SolutionConfigurationPlatforms) = preSolution
		Debug|Any CPU = Debug|Any CPU
		Release|Any CPU = Release|Any CPU
	EndGlobalSection
	GlobalSection(ProjectConfigurationPlatforms) = postSolution
		{EA2481D9-C7C5-4836-9258-82D86A895E1A}.Debug|Any CPU.ActiveCfg = Debug|Any CPU
		{EA2481D9-C7C5-4836-9258-82D86A895E1A}.Debug|Any CPU.Build.0 = Debug|Any CPU
		{EA2481D9-C7C5-4836-9258-82D86A895E1A}.Release|Any CPU.ActiveCfg = Release|Any CPU
		{EA2481D9-C7C5-4836-9258-82D86A895E1A}.Release|Any CPU.Build.0 = Release|Any CPU
	EndGlobalSection
	GlobalSection(SolutionProperties) = preSolution
		HideSolutionNode = FALSE
	EndGlobalSection
	GlobalSection(ExtensibilityGlobals) = postSolution
		SolutionGuid = {A1A0181D-AA38-429C-856B-90D86ABA0FD1}
	EndGlobalSection
EndGlobal
